
Microsoft Visual Studio Solution File, Format Version 12.00
# Visual Studio Version 16
VisualStudioVersion = 16.0.31911.196
MinimumVisualStudioVersion = 10.0.40219.1
Project("{FAE04EC0-301F-11D3-BF4B-00C04F79EFBC}") = "FirstMVC", "FirstMVC\FirstMVC.csproj", "{6F6E9996-A549-454B-9638-A4C56284CA52}"
EndProject
Global
	GlobalSection(SolutionConfigurationPlatforms) = preSolution
		Debug|Any CPU = Debug|Any CPU
		Release|Any CPU = Release|Any CPU
	EndGlobalSection
	GlobalSection(ProjectConfigurationPlatforms) = postSolution
		{6F6E9996-A549-454B-9638-A4C56284CA52}.Debug|Any CPU.ActiveCfg = Debug|Any CPU
		{6F6E9996-A549-454B-9638-A4C56284CA52}.Debug|Any CPU.Build.0 = Debug|Any CPU
		{6F6E9996-A549-454B-9638-A4C56284CA52}.Release|Any CPU.ActiveCfg = Release|Any CPU
		{6F6E9996-A549-454B-9638-A4C56284CA52}.Release|Any CPU.Build.0 = Release|Any CPU
	EndGlobalSection
	GlobalSection(SolutionProperties) = preSolution
		HideSolutionNode = FALSE
	EndGlobalSection
	GlobalSection(ExtensibilityGlobals) = postSolution
		SolutionGuid = {AA98CE8A-144D-4443-B413-EB6534586531}
	EndGlobalSection
EndGlobal
