
Microsoft Visual Studio Solution File, Format Version 12.00
# Visual Studio Version 16
VisualStudioVersion = 16.0.31729.503
MinimumVisualStudioVersion = 10.0.40219.1
Project("{FAE04EC0-301F-11D3-BF4B-00C04F79EFBC}") = "RazorPagesUsers", "RazorPagesUsers\RazorPagesUsers.csproj", "{D343853C-B17A-4294-AE0B-958CDED6433A}"
EndProject
Global
	GlobalSection(SolutionConfigurationPlatforms) = preSolution
		Debug|Any CPU = Debug|Any CPU
		Release|Any CPU = Release|Any CPU
	EndGlobalSection
	GlobalSection(ProjectConfigurationPlatforms) = postSolution
		{D343853C-B17A-4294-AE0B-958CDED6433A}.Debug|Any CPU.ActiveCfg = Debug|Any CPU
		{D343853C-B17A-4294-AE0B-958CDED6433A}.Debug|Any CPU.Build.0 = Debug|Any CPU
		{D343853C-B17A-4294-AE0B-958CDED6433A}.Release|Any CPU.ActiveCfg = Release|Any CPU
		{D343853C-B17A-4294-AE0B-958CDED6433A}.Release|Any CPU.Build.0 = Release|Any CPU
	EndGlobalSection
	GlobalSection(SolutionProperties) = preSolution
		HideSolutionNode = FALSE
	EndGlobalSection
	GlobalSection(ExtensibilityGlobals) = postSolution
		SolutionGuid = {0327468D-9516-4FED-B719-F80FE2AE2BD3}
	EndGlobalSection
EndGlobal
