
Microsoft Visual Studio Solution File, Format Version 12.00
# Visual Studio Version 16
VisualStudioVersion = 16.0.31911.196
MinimumVisualStudioVersion = 10.0.40219.1
Project("{FAE04EC0-301F-11D3-BF4B-00C04F79EFBC}") = "Interfejsy_Cw", "Interfejsy_Cw\Interfejsy_Cw.csproj", "{0D1922BA-1A35-47F2-B099-66BFF16F40DE}"
EndProject
Global
	GlobalSection(SolutionConfigurationPlatforms) = preSolution
		Debug|Any CPU = Debug|Any CPU
		Release|Any CPU = Release|Any CPU
	EndGlobalSection
	GlobalSection(ProjectConfigurationPlatforms) = postSolution
		{0D1922BA-1A35-47F2-B099-66BFF16F40DE}.Debug|Any CPU.ActiveCfg = Debug|Any CPU
		{0D1922BA-1A35-47F2-B099-66BFF16F40DE}.Debug|Any CPU.Build.0 = Debug|Any CPU
		{0D1922BA-1A35-47F2-B099-66BFF16F40DE}.Release|Any CPU.ActiveCfg = Release|Any CPU
		{0D1922BA-1A35-47F2-B099-66BFF16F40DE}.Release|Any CPU.Build.0 = Release|Any CPU
	EndGlobalSection
	GlobalSection(SolutionProperties) = preSolution
		HideSolutionNode = FALSE
	EndGlobalSection
	GlobalSection(ExtensibilityGlobals) = postSolution
		SolutionGuid = {96AAA671-BFC9-4D55-BE90-9A5287C6F6D8}
	EndGlobalSection
EndGlobal
